hash: c627904e2bcfd9cf144be9e868a98f20580df87591e1dedcb2534b503870eb59
updated: 2018-09-09T14:13:59.8747927+02:00
imports:
- name: github.com/gogo/protobuf
  version: 160de10b2537169b5ae3e7e221d28269ef40d311
  subpackages:
  - proto
- name: github.com/golang/protobuf
  version: aa810b61a9c79d51363740d207bb46cf8e620ed5
  subpackages:
  - proto
  - protoc-gen-go
- name: github.com/golang/snappy
  version: 553a641470496b2327abcac10b36396bd98e45c9
- name: github.com/steakknife/bloomfilter
  version: 99ee86d9200fcc2ffde62f508329bd6627c0a307
- name: github.com/steakknife/hamming
  version: 003c143a81c25ea5e263d692919c611c7122ae6b
- name: github.com/stretchr/testify
  version: f35b8ab0b5a2cef36673838d662e249dd9c94686
  subpackages:
  - assert
- name: golang.org/x/exp
  version: 14dda7b62fcdb381624aaca63b04df07203856d4
  subpackages:
  - mmap
  - rand
testImports:
- name: github.com/davecgh/go-spew
  version: 04cdfd42973bb9c8589fd6a731800cf222fde1a9
  subpackages:
  - spew
- name: github.com/pmezard/go-difflib
  version: d8ed2627bdf02c080bf22230dbb337003b7aba2d
  subpackages:
  - difflib
