hash: 2ed1880f373dca404982207e7c9c9904a30d1d67c8f8977e165fd14971df7a57
updated: 2018-05-27T12:12:24.9408696+02:00
imports:
- name: github.com/gogo/protobuf
  version: 160de10b2537169b5ae3e7e221d28269ef40d311
  subpackages:
  - proto
- name: github.com/golang/protobuf
  version: b4deda0973fb4c70b50d226b1af49f3da59f5265
  subpackages:
  - proto
  - protoc-gen-go
- name: github.com/golang/snappy
  version: 553a641470496b2327abcac10b36396bd98e45c9
- name: github.com/steakknife/bloomfilter
  version: d33489d917833dbe7515ddc87ad642098631de99
- name: github.com/steakknife/hamming
  version: 5ac3f73b8842df21423978fbbeb5166670f6f73e
- name: github.com/stretchr/testify
  version: 12b6f73e6084dad08a7c6e575284b177ecafbc71
  subpackages:
  - assert
testImports:
- name: github.com/davecgh/go-spew
  version: 04cdfd42973bb9c8589fd6a731800cf222fde1a9
  subpackages:
  - spew
- name: github.com/pmezard/go-difflib
  version: d8ed2627bdf02c080bf22230dbb337003b7aba2d
  subpackages:
  - difflib
