capnproto.org/go/capnp/v3 v3.1.0-alpha.1 h1:8/sMnWuatR99G0L0vmnrXj0zVP0MrlyClRqSmqGYydo=
capnproto.org/go/capnp/v3 v3.1.0-alpha.1/go.mod h1:2vT5D2dtG8sJGEoEKU17e+j7shdaYp1Myl8X03B3hmc=
github.com/colega/zeropool v0.0.0-20230505084239-6fb4a4f75381 h1:d5EKgQfRQvO97jnISfR89AiCCCJMwMFoSxUiU0OGCRU=
github.com/colega/zeropool v0.0.0-20230505084239-6fb4a4f75381/go.mod h1:OU76gHeRo8xrzGJU3F3I1CqX1ekM8dfJw0+wPeMwnp0=
github.com/davecgh/go-spew v1.1.1 h1:vj9j/u1bqnvCEfJOwUhtlOARqs3+rkHYY13jYWTU97c=
github.com/davecgh/go-spew v1.1.1/go.mod h1:J7Y8YcW2NihsgmVo/mv3lAwl/skON4iLHjSsI+c5H38=
github.com/golang/snappy v0.0.4 h1:yAGX7huGHXlcLOEtBnF4w7FQwA26wojNCwOYAEhLjQM=
github.com/golang/snappy v0.0.4/go.mod h1:/XxbfmMg8lxefKM7IXC3fBNl/7bRcc72aCRzEWrmP2Q=
github.com/google/go-cmp v0.6.0 h1:ofyhxvXcZhMsU5ulbFiLKl/XBFqE1GSq7atu8tAmTRI=
github.com/google/go-cmp v0.6.0/go.mod h1:17dUlkBOakJ0+DkrSSNjCkIjxS6bF9zb3elmeNGIjoY=
github.com/ncw/directio v1.0.5 h1:JSUBhdjEvVaJvOoyPAbcW0fnd0tvRXD76wEfZ1KcQz4=
github.com/ncw/directio v1.0.5/go.mod h1:rX/pKEYkOXBGOggmcyJeJGloCkleSvphPx2eV3t6ROk=
github.com/pmezard/go-difflib v1.0.0 h1:4DBwDE0NGyQoBHbLQYPwSUPoCMWR5BEzIk/f1lZbAQM=
github.com/pmezard/go-difflib v1.0.0/go.mod h1:iKH77koFhYxTK1pcRnkKkqfTogsbg7gZNVY4sRDYZ/4=
github.com/steakknife/bloomfilter v0.0.0-20180922174646-6819c0d2a570 h1:gIlAHnH1vJb5vwEjIp5kBj/eu99p/bl0Ay2goiPe5xE=
github.com/steakknife/bloomfilter v0.0.0-20180922174646-6819c0d2a570/go.mod h1:8OR4w3TdeIHIh1g6EMY5p0gVNOovcWC+1vpc7naMuAw=
github.com/steakknife/hamming v0.0.0-20180906055917-c99c65617cd3 h1:njlZPzLwU639dk2kqnCPPv+wNjq7Xb6EfUxe/oX0/NM=
github.com/steakknife/hamming v0.0.0-20180906055917-c99c65617cd3/go.mod h1:hpGUWaI9xL8pRQCTXQgocU38Qw1g0Us7n5PxxTwTCYU=
github.com/stretchr/testify v1.9.0 h1:HtqpIVDClZ4nwg75+f6Lvsy/wHu+3BoSGCbBAcpTsTg=
github.com/stretchr/testify v1.9.0/go.mod h1:r2ic/lqez/lEtzL7wO/rwa5dbSLXVDPFyf8C91i36aY=
github.com/tjungblu/porcupine v0.0.0-20221116095144-377185aa0569 h1:acDBvgSBtnyBidmpmTEgxStjXeuYyfG3fF72khP24/Y=
github.com/tjungblu/porcupine v0.0.0-20221116095144-377185aa0569/go.mod h1:+z336r1WR0gcwl1ALfoNBpDTCW06vO5DzBwunEcSvcs=
golang.org/x/exp v0.0.0-20240613232115-7f521ea00fb8 h1:yixxcjnhBmY0nkL253HFVIm0JsFHwrHdT3Yh6szTnfY=
golang.org/x/exp v0.0.0-20240613232115-7f521ea00fb8/go.mod h1:jj3sYF3dwk5D+ghuXyeI3r5MFf+NT2An6/9dOA95KSI=
google.golang.org/protobuf v1.34.2 h1:6xV6lTsCfpGD21XK49h7MhtcApnLqkfYgPcdHftf6hg=
google.golang.org/protobuf v1.34.2/go.mod h1:qYOHts0dSfpeUzUFpOMr/WGzszTmLH+DiWniOlNbLDw=
gopkg.in/check.v1 v0.0.0-20161208181325-20d25e280405 h1:yhCVgyC4o1eVCa2tZl7eS0r+SDo693bJlVdllGtEeKM=
gopkg.in/check.v1 v0.0.0-20161208181325-20d25e280405/go.mod h1:Co6ibVJAznAaIkqp8huTwlJQCZ016jof/cbN4VW5Yz0=
gopkg.in/yaml.v3 v3.0.1 h1:fxVm/GzAzEWqLHuvctI91KS9hhNmmWOoWu0XTYJS7CA=
gopkg.in/yaml.v3 v3.0.1/go.mod h1:K4uyk7z7BCEPqu6E+C64Yfv1cQ7kz7rIZviUmN+EgEM=
