github.com/davecgh/go-spew v1.1.0/go.mod h1:J7Y8YcW2NihsgmVo/mv3lAwl/skON4iLHjSsI+c5H38=
github.com/davecgh/go-spew v1.1.1 h1:vj9j/u1bqnvCEfJOwUhtlOARqs3+rkHYY13jYWTU97c=
github.com/davecgh/go-spew v1.1.1/go.mod h1:J7Y8YcW2NihsgmVo/mv3lAwl/skON4iLHjSsI+c5H38=
github.com/golang/protobuf v1.5.0/go.mod h1:FsONVRAS9T7sI+LIUmWTfcYkHO4aIWwzhcaSAoJOfIk=
github.com/golang/snappy v0.0.0-20180518054509-2e65f85255db h1:woRePGFeVFfLKN/pOkfl+p/TAqKOfFu+7KPlMVpok/w=
github.com/golang/snappy v0.0.0-20180518054509-2e65f85255db/go.mod h1:/XxbfmMg8lxefKM7IXC3fBNl/7bRcc72aCRzEWrmP2Q=
github.com/google/go-cmp v0.5.5 h1:Khx7svrCpmxxtHBq5j2mp/xVjsi8hQMfNLvJFAlrGgU=
github.com/google/go-cmp v0.5.5/go.mod h1:v8dTdLbMG2kIc/vJvl+f65V22dbkXbowE6jgT/gNBxE=
github.com/libp2p/go-buffer-pool v0.0.2 h1:QNK2iAFa8gjAe1SPz6mHSMuCcjs+X1wlHzeOSqcmlfs=
github.com/libp2p/go-buffer-pool v0.0.2/go.mod h1:MvaB6xw5vOrDl8rYZGLFdKAuk/hRoRZd1Vi32+RXyFM=
github.com/ncw/directio v1.0.5 h1:JSUBhdjEvVaJvOoyPAbcW0fnd0tvRXD76wEfZ1KcQz4=
github.com/ncw/directio v1.0.5/go.mod h1:rX/pKEYkOXBGOggmcyJeJGloCkleSvphPx2eV3t6ROk=
github.com/pmezard/go-difflib v1.0.0 h1:4DBwDE0NGyQoBHbLQYPwSUPoCMWR5BEzIk/f1lZbAQM=
github.com/pmezard/go-difflib v1.0.0/go.mod h1:iKH77koFhYxTK1pcRnkKkqfTogsbg7gZNVY4sRDYZ/4=
github.com/steakknife/bloomfilter v0.0.0-20180922174646-6819c0d2a570 h1:gIlAHnH1vJb5vwEjIp5kBj/eu99p/bl0Ay2goiPe5xE=
github.com/steakknife/bloomfilter v0.0.0-20180922174646-6819c0d2a570/go.mod h1:8OR4w3TdeIHIh1g6EMY5p0gVNOovcWC+1vpc7naMuAw=
github.com/steakknife/hamming v0.0.0-20180906055917-c99c65617cd3 h1:njlZPzLwU639dk2kqnCPPv+wNjq7Xb6EfUxe/oX0/NM=
github.com/steakknife/hamming v0.0.0-20180906055917-c99c65617cd3/go.mod h1:hpGUWaI9xL8pRQCTXQgocU38Qw1g0Us7n5PxxTwTCYU=
github.com/stretchr/objx v0.1.0/go.mod h1:HFkY916IF+rwdDfMAkV7OtwuqBVzrE8GR6GFx+wExME=
github.com/stretchr/testify v1.3.0 h1:TivCn/peBQ7UY8ooIcPgZFpTNSz0Q2U6UrFlUfqbe0Q=
github.com/stretchr/testify v1.3.0/go.mod h1:M5WIy9Dh21IEIfnGCwXGc5bZfKNJtfHm1UVUgZn+9EI=
golang.org/x/exp v0.0.0-20181210123644-7d6377eee41f h1:wJ3O7VtAmBlW5LFzggOI2U6CBWIkG+/IYf4Q/VGJdaA=
golang.org/x/exp v0.0.0-20181210123644-7d6377eee41f/go.mod h1:CJ0aWSM057203Lf6IL+f9T1iT9GByDxfZKAQTCR3kQA=
golang.org/x/xerrors v0.0.0-20191204190536-9bdfabe68543/go.mod h1:I/5z698sn9Ka8TeJc9MKroUUfqBBauWjQqLJ2OPfmY0=
golang.org/x/xerrors v0.0.0-20200804184101-5ec99f83aff1 h1:go1bK/D/BFZV2I8cIQd1NKEZ+0owSTG1fDTci4IqFcE=
golang.org/x/xerrors v0.0.0-20200804184101-5ec99f83aff1/go.mod h1:I/5z698sn9Ka8TeJc9MKroUUfqBBauWjQqLJ2OPfmY0=
google.golang.org/protobuf v1.26.0-rc.1/go.mod h1:jlhhOSvTdKEhbULTjvd4ARK9grFBp09yW+WbY/TyQbw=
google.golang.org/protobuf v1.26.0 h1:bxAC2xTBsZGibn2RTntX0oH50xLsqy1OxA9tTL3p/lk=
google.golang.org/protobuf v1.26.0/go.mod h1:9q0QmTI4eRPtz6boOQmLYwt+qCgq0jsYwAQnmE0givc=
